
Microsoft Visual Studio Solution File, Format Version 9.00
# Visual Studio 2005
Project("{E24C65DC-7377-472B-9ABA-BC803B73C61A}") = "C:\MCHP and FreeRTOS Demo\WebPages2\", "WebPages2\", "{41E9E113-0A76-4A81-9473-315DAAF2F014}"
	ProjectSection(WebsiteProperties) = preProject
		Debug.AspNetCompiler.VirtualPath = "/WebPages2"
		Debug.AspNetCompiler.PhysicalPath = "..\..\..\..\..\..\MCHP and FreeRTOS Demo\WebPages2\"
		Debug.AspNetCompiler.TargetPath = "PrecompiledWeb\WebPages2\"
		Debug.AspNetCompiler.Updateable = "true"
		Debug.AspNetCompiler.ForceOverwrite = "true"
		Debug.AspNetCompiler.FixedNames = "false"
		Debug.AspNetCompiler.Debug = "True"
		Release.AspNetCompiler.VirtualPath = "/WebPages2"
		Release.AspNetCompiler.PhysicalPath = "..\..\..\..\..\..\MCHP and FreeRTOS Demo\WebPages2\"
		Release.AspNetCompiler.TargetPath = "PrecompiledWeb\WebPages2\"
		Release.AspNetCompiler.Updateable = "true"
		Release.AspNetCompiler.ForceOverwrite = "true"
		Release.AspNetCompiler.FixedNames = "false"
		Release.AspNetCompiler.Debug = "False"
		VWDPort = "2261"
	EndProjectSection
EndProject
Global
	GlobalSection(SolutionConfigurationPlatforms) = preSolution
		Debug|.NET = Debug|.NET
	EndGlobalSection
	GlobalSection(ProjectConfigurationPlatforms) = postSolution
		{41E9E113-0A76-4A81-9473-315DAAF2F014}.Debug|.NET.ActiveCfg = Debug|.NET
		{41E9E113-0A76-4A81-9473-315DAAF2F014}.Debug|.NET.Build.0 = Debug|.NET
	EndGlobalSection
	GlobalSection(SolutionProperties) = preSolution
		HideSolutionNode = FALSE
	EndGlobalSection
EndGlobal
